// !$*UTF8*$!
{
	archiveVersion = 1;
	classes = {
	};
	objectVersion = 46;
	objects = {

/* Begin PBXBuildFile section */
		5F4519851E00D4490032826E /* TestViewController.m in Sources */ = {isa = PBXBuildFile; fileRef = 5F4519841E00D4490032826E /* TestViewController.m */; };
		5F45198B1E00E01E0032826E /* CCHContentViewController.m in Sources */ = {isa = PBXBuildFile; fileRef = 5F4519881E00E01E0032826E /* CCHContentViewController.m */; };
		5F45198C1E00E01E0032826E /* CCHSuspendWindow.m in Sources */ = {isa = PBXBuildFile; fileRef = 5F45198A1E00E01E0032826E /* CCHSuspendWindow.m */; };
		5F4CF4B51DFF901600B1EB35 /* main.m in Sources */ = {isa = PBXBuildFile; fileRef = 5F4CF4B41DFF901600B1EB35 /* main.m */; };
		5F4CF4B81DFF901600B1EB35 /* AppDelegate.m in Sources */ = {isa = PBXBuildFile; fileRef = 5F4CF4B71DFF901600B1EB35 /* AppDelegate.m */; };
		5F4CF4BB1DFF901600B1EB35 /* ViewController.m in Sources */ = {isa = PBXBuildFile; fileRef = 5F4CF4BA1DFF901600B1EB35 /* ViewController.m */; };
		5F4CF4BE1DFF901600B1EB35 /* Main.storyboard in Resources */ = {isa = PBXBuildFile; fileRef = 5F4CF4BC1DFF901600B1EB35 /* Main.storyboard */; };
		5F4CF4C01DFF901700B1EB35 /* Assets.xcassets in Resources */ = {isa = PBXBuildFile; fileRef = 5F4CF4BF1DFF901700B1EB35 /* Assets.xcassets */; };
		5F4CF4C31DFF901700B1EB35 /* LaunchScreen.storyboard in Resources */ = {isa = PBXBuildFile; fileRef = 5F4CF4C11DFF901700B1EB35 /* LaunchScreen.storyboard */; };
		5F4CF4CE1DFF901800B1EB35 /* SuspendViewDemoTests.m in Sources */ = {isa = PBXBuildFile; fileRef = 5F4CF4CD1DFF901800B1EB35 /* SuspendViewDemoTests.m */; };
		5F4CF4D91DFF901800B1EB35 /* SuspendViewDemoUITests.m in Sources */ = {isa = PBXBuildFile; fileRef = 5F4CF4D81DFF901800B1EB35 /* SuspendViewDemoUITests.m */; };
		5F4CF4EE1E00009D00B1EB35 /* 边框.png in Resources */ = {isa = PBXBuildFile; fileRef = 5F4CF4EC1E00009D00B1EB35 /* 边框.png */; };
		5F4CF4EF1E00009D00B1EB35 /* 删除.png in Resources */ = {isa = PBXBuildFile; fileRef = 5F4CF4ED1E00009D00B1EB35 /* 删除.png */; };
/* End PBXBuildFile section */

/* Begin PBXContainerItemProxy section */
		5F4CF4CA1DFF901800B1EB35 /* PBXContainerItemProxy */ = {
			isa = PBXContainerItemProxy;
			containerPortal = 5F4CF4A81DFF901300B1EB35 /* Project object */;
			proxyType = 1;
			remoteGlobalIDString = 5F4CF4AF1DFF901400B1EB35;
			remoteInfo = SuspendViewDemo;
		};
		5F4CF4D51DFF901800B1EB35 /* PBXContainerItemProxy */ = {
			isa = PBXContainerItemProxy;
			containerPortal = 5F4CF4A81DFF901300B1EB35 /* Project object */;
			proxyType = 1;
			remoteGlobalIDString = 5F4CF4AF1DFF901400B1EB35;
			remoteInfo = SuspendViewDemo;
		};
/* End PBXContainerItemProxy section */

/* Begin PBXFileReference section */
		5F4519831E00D4490032826E /* TestViewController.h */ = {isa = PBXFileReference; fileEncoding = 4; lastKnownFileType = sourcecode.c.h; path = TestViewController.h; sourceTree = "<group>"; };
		5F4519841E00D4490032826E /* TestViewController.m */ = {isa = PBXFileReference; fileEncoding = 4; lastKnownFileType = sourcecode.c.objc; path = TestViewController.m; sourceTree = "<group>"; };
		5F4519871E00E01E0032826E /* CCHContentViewController.h */ = {isa = PBXFileReference; fileEncoding = 4; lastKnownFileType = sourcecode.c.h; path = CCHContentViewController.h; sourceTree = "<group>"; };
		5F4519881E00E01E0032826E /* CCHContentViewController.m */ = {isa = PBXFileReference; fileEncoding = 4; lastKnownFileType = sourcecode.c.objc; path = CCHContentViewController.m; sourceTree = "<group>"; };
		5F4519891E00E01E0032826E /* CCHSuspendWindow.h */ = {isa = PBXFileReference; fileEncoding = 4; lastKnownFileType = sourcecode.c.h; path = CCHSuspendWindow.h; sourceTree = "<group>"; };
		5F45198A1E00E01E0032826E /* CCHSuspendWindow.m */ = {isa = PBXFileReference; fileEncoding = 4; lastKnownFileType = sourcecode.c.objc; path = CCHSuspendWindow.m; sourceTree = "<group>"; };
		5F4CF4B01DFF901500B1EB35 /* SuspendViewDemo.app */ = {isa = PBXFileReference; explicitFileType = wrapper.application; includeInIndex = 0; path = SuspendViewDemo.app; sourceTree = BUILT_PRODUCTS_DIR; };
		5F4CF4B41DFF901600B1EB35 /* main.m */ = {isa = PBXFileReference; lastKnownFileType = sourcecode.c.objc; path = main.m; sourceTree = "<group>"; };
		5F4CF4B61DFF901600B1EB35 /* AppDelegate.h */ = {isa = PBXFileReference; lastKnownFileType = sourcecode.c.h; path = AppDelegate.h; sourceTree = "<group>"; };
		5F4CF4B71DFF901600B1EB35 /* AppDelegate.m */ = {isa = PBXFileReference; lastKnownFileType = sourcecode.c.objc; path = AppDelegate.m; sourceTree = "<group>"; };
		5F4CF4B91DFF901600B1EB35 /* ViewController.h */ = {isa = PBXFileReference; lastKnownFileType = sourcecode.c.h; path = ViewController.h; sourceTree = "<group>"; };
		5F4CF4BA1DFF901600B1EB35 /* ViewController.m */ = {isa = PBXFileReference; lastKnownFileType = sourcecode.c.objc; path = ViewController.m; sourceTree = "<group>"; };
		5F4CF4BD1DFF901600B1EB35 /* Base */ = {isa = PBXFileReference; lastKnownFileType = file.storyboard; name = Base; path = Base.lproj/Main.storyboard; sourceTree = "<group>"; };
		5F4CF4BF1DFF901700B1EB35 /* Assets.xcassets */ = {isa = PBXFileReference; lastKnownFileType = folder.assetcatalog; path = Assets.xcassets; sourceTree = "<group>"; };
		5F4CF4C21DFF901700B1EB35 /* Base */ = {isa = PBXFileReference; lastKnownFileType = file.storyboard; name = Base; path = Base.lproj/LaunchScreen.storyboard; sourceTree = "<group>"; };
		5F4CF4C41DFF901700B1EB35 /* Info.plist */ = {isa = PBXFileReference; lastKnownFileType = text.plist.xml; path = Info.plist; sourceTree = "<group>"; };
		5F4CF4C91DFF901800B1EB35 /* SuspendViewDemoTests.xctest */ = {isa = PBXFileReference; explicitFileType = wrapper.cfbundle; includeInIndex = 0; path = SuspendViewDemoTests.xctest; sourceTree = BUILT_PRODUCTS_DIR; };
		5F4CF4CD1DFF901800B1EB35 /* SuspendViewDemoTests.m */ = {isa = PBXFileReference; lastKnownFileType = sourcecode.c.objc; path = SuspendViewDemoTests.m; sourceTree = "<group>"; };
		5F4CF4CF1DFF901800B1EB35 /* Info.plist */ = {isa = PBXFileReference; lastKnownFileType = text.plist.xml; path = Info.plist; sourceTree = "<group>"; };
		5F4CF4D41DFF901800B1EB35 /* SuspendViewDemoUITests.xctest */ = {isa = PBXFileReference; explicitFileType = wrapper.cfbundle; includeInIndex = 0; path = SuspendViewDemoUITests.xctest; sourceTree = BUILT_PRODUCTS_DIR; };
		5F4CF4D81DFF901800B1EB35 /* SuspendViewDemoUITests.m */ = {isa = PBXFileReference; lastKnownFileType = sourcecode.c.objc; path = SuspendViewDemoUITests.m; sourceTree = "<group>"; };
		5F4CF4DA1DFF901800B1EB35 /* Info.plist */ = {isa = PBXFileReference; lastKnownFileType = text.plist.xml; path = Info.plist; sourceTree = "<group>"; };
		5F4CF4EC1E00009D00B1EB35 /* 边框.png */ = {isa = PBXFileReference; lastKnownFileType = image.png; path = "边框.png"; sourceTree = "<group>"; };
		5F4CF4ED1E00009D00B1EB35 /* 删除.png */ = {isa = PBXFileReference; lastKnownFileType = image.png; path = "删除.png"; sourceTree = "<group>"; };
/* End PBXFileReference section */

/* Begin PBXFrameworksBuildPhase section */
		5F4CF4AD1DFF901400B1EB35 /* Frameworks */ = {
			isa = PBXFrameworksBuildPhase;
			buildActionMask = 2147483647;
			files = (
			);
			runOnlyForDeploymentPostprocessing = 0;
		};
		5F4CF4C61DFF901800B1EB35 /* Frameworks */ = {
			isa = PBXFrameworksBuildPhase;
			buildActionMask = 2147483647;
			files = (
			);
			runOnlyForDeploymentPostprocessing = 0;
		};
		5F4CF4D11DFF901800B1EB35 /* Frameworks */ = {
			isa = PBXFrameworksBuildPhase;
			buildActionMask = 2147483647;
			files = (
			);
			runOnlyForDeploymentPostprocessing = 0;
		};
/* End PBXFrameworksBuildPhase section */

/* Begin PBXGroup section */
		5F4519861E00E01E0032826E /* CCHSuspendWindow */ = {
			isa = PBXGroup;
			children = (
				5F4519891E00E01E0032826E /* CCHSuspendWindow.h */,
				5F45198A1E00E01E0032826E /* CCHSuspendWindow.m */,
				5F4519871E00E01E0032826E /* CCHContentViewController.h */,
				5F4519881E00E01E0032826E /* CCHContentViewController.m */,
			);
			path = CCHSuspendWindow;
			sourceTree = "<group>";
		};
		5F4CF4A71DFF901300B1EB35 = {
			isa = PBXGroup;
			children = (
				5F4CF4B21DFF901500B1EB35 /* SuspendViewDemo */,
				5F4CF4CC1DFF901800B1EB35 /* SuspendViewDemoTests */,
				5F4CF4D71DFF901800B1EB35 /* SuspendViewDemoUITests */,
				5F4CF4B11DFF901500B1EB35 /* Products */,
			);
			sourceTree = "<group>";
		};
		5F4CF4B11DFF901500B1EB35 /* Products */ = {
			isa = PBXGroup;
			children = (
				5F4CF4B01DFF901500B1EB35 /* SuspendViewDemo.app */,
				5F4CF4C91DFF901800B1EB35 /* SuspendViewDemoTests.xctest */,
				5F4CF4D41DFF901800B1EB35 /* SuspendViewDemoUITests.xctest */,
			);
			name = Products;
			sourceTree = "<group>";
		};
		5F4CF4B21DFF901500B1EB35 /* SuspendViewDemo */ = {
			isa = PBXGroup;
			children = (
				5F4519861E00E01E0032826E /* CCHSuspendWindow */,
				5F4CF4B61DFF901600B1EB35 /* AppDelegate.h */,
				5F4CF4B71DFF901600B1EB35 /* AppDelegate.m */,
				5F4CF4B91DFF901600B1EB35 /* ViewController.h */,
				5F4CF4BA1DFF901600B1EB35 /* ViewController.m */,
				5F4519831E00D4490032826E /* TestViewController.h */,
				5F4519841E00D4490032826E /* TestViewController.m */,
				5F4CF4BC1DFF901600B1EB35 /* Main.storyboard */,
				5F4CF4EC1E00009D00B1EB35 /* 边框.png */,
				5F4CF4ED1E00009D00B1EB35 /* 删除.png */,
				5F4CF4BF1DFF901700B1EB35 /* Assets.xcassets */,
				5F4CF4C11DFF901700B1EB35 /* LaunchScreen.storyboard */,
				5F4CF4C41DFF901700B1EB35 /* Info.plist */,
				5F4CF4B31DFF901500B1EB35 /* Supporting Files */,
			);
			path = SuspendViewDemo;
			sourceTree = "<group>";
		};
		5F4CF4B31DFF901500B1EB35 /* Supporting Files */ = {
			isa = PBXGroup;
			children = (
				5F4CF4B41DFF901600B1EB35 /* main.m */,
			);
			name = "Supporting Files";
			sourceTree = "<group>";
		};
		5F4CF4CC1DFF901800B1EB35 /* SuspendViewDemoTests */ = {
			isa = PBXGroup;
			children = (
				5F4CF4CD1DFF901800B1EB35 /* SuspendViewDemoTests.m */,
				5F4CF4CF1DFF901800B1EB35 /* Info.plist */,
			);
			path = SuspendViewDemoTests;
			sourceTree = "<group>";
		};
		5F4CF4D71DFF901800B1EB35 /* SuspendViewDemoUITests */ = {
			isa = PBXGroup;
			children = (
				5F4CF4D81DFF901800B1EB35 /* SuspendViewDemoUITests.m */,
				5F4CF4DA1DFF901800B1EB35 /* Info.plist */,
			);
			path = SuspendViewDemoUITests;
			sourceTree = "<group>";
		};
/* End PBXGroup section */

/* Begin PBXNativeTarget section */
		5F4CF4AF1DFF901400B1EB35 /* SuspendViewDemo */ = {
			isa = PBXNativeTarget;
			buildConfigurationList = 5F4CF4DD1DFF901800B1EB35 /* Build configuration list for PBXNativeTarget "SuspendViewDemo" */;
			buildPhases = (
				5F4CF4AC1DFF901400B1EB35 /* Sources */,
				5F4CF4AD1DFF901400B1EB35 /* Frameworks */,
				5F4CF4AE1DFF901400B1EB35 /* Resources */,
			);
			buildRules = (
			);
			dependencies = (
			);
			name = SuspendViewDemo;
			productName = SuspendViewDemo;
			productReference = 5F4CF4B01DFF901500B1EB35 /* SuspendViewDemo.app */;
			productType = "com.apple.product-type.application";
		};
		5F4CF4C81DFF901800B1EB35 /* SuspendViewDemoTests */ = {
			isa = PBXNativeTarget;
			buildConfigurationList = 5F4CF4E01DFF901800B1EB35 /* Build configuration list for PBXNativeTarget "SuspendViewDemoTests" */;
			buildPhases = (
				5F4CF4C51DFF901800B1EB35 /* Sources */,
				5F4CF4C61DFF901800B1EB35 /* Frameworks */,
				5F4CF4C71DFF901800B1EB35 /* Resources */,
			);
			buildRules = (
			);
			dependencies = (
				5F4CF4CB1DFF901800B1EB35 /* PBXTargetDependency */,
			);
			name = SuspendViewDemoTests;
			productName = SuspendViewDemoTests;
			productReference = 5F4CF4C91DFF901800B1EB35 /* SuspendViewDemoTests.xctest */;
			productType = "com.apple.product-type.bundle.unit-test";
		};
		5F4CF4D31DFF901800B1EB35 /* SuspendViewDemoUITests */ = {
			isa = PBXNativeTarget;
			buildConfigurationList = 5F4CF4E31DFF901800B1EB35 /* Build configuration list for PBXNativeTarget "SuspendViewDemoUITests" */;
			buildPhases = (
				5F4CF4D01DFF901800B1EB35 /* Sources */,
				5F4CF4D11DFF901800B1EB35 /* Frameworks */,
				5F4CF4D21DFF901800B1EB35 /* Resources */,
			);
			buildRules = (
			);
			dependencies = (
				5F4CF4D61DFF901800B1EB35 /* PBXTargetDependency */,
			);
			name = SuspendViewDemoUITests;
			productName = SuspendViewDemoUITests;
			productReference = 5F4CF4D41DFF901800B1EB35 /* SuspendViewDemoUITests.xctest */;
			productType = "com.apple.product-type.bundle.ui-testing";
		};
/* End PBXNativeTarget section */

/* Begin PBXProject section */
		5F4CF4A81DFF901300B1EB35 /* Project object */ = {
			isa = PBXProject;
			attributes = {
				LastUpgradeCheck = 0810;
				ORGANIZATIONNAME = "CanHe Chen";
				TargetAttributes = {
					5F4CF4AF1DFF901400B1EB35 = {
						CreatedOnToolsVersion = 8.1;
						DevelopmentTeam = 4GH4W38WTY;
						ProvisioningStyle = Automatic;
					};
					5F4CF4C81DFF901800B1EB35 = {
						CreatedOnToolsVersion = 8.1;
						ProvisioningStyle = Manual;
						TestTargetID = 5F4CF4AF1DFF901400B1EB35;
					};
					5F4CF4D31DFF901800B1EB35 = {
						CreatedOnToolsVersion = 8.1;
						DevelopmentTeam = QG9BZ53JJ4;
						ProvisioningStyle = Automatic;
						TestTargetID = 5F4CF4AF1DFF901400B1EB35;
					};
				};
			};
			buildConfigurationList = 5F4CF4AB1DFF901400B1EB35 /* Build configuration list for PBXProject "SuspendViewDemo" */;
			compatibilityVersion = "Xcode 3.2";
			developmentRegion = English;
			hasScannedForEncodings = 0;
			knownRegions = (
				en,
				Base,
			);
			mainGroup = 5F4CF4A71DFF901300B1EB35;
			productRefGroup = 5F4CF4B11DFF901500B1EB35 /* Products */;
			projectDirPath = "";
			projectRoot = "";
			targets = (
				5F4CF4AF1DFF901400B1EB35 /* SuspendViewDemo */,
				5F4CF4C81DFF901800B1EB35 /* SuspendViewDemoTests */,
				5F4CF4D31DFF901800B1EB35 /* SuspendViewDemoUITests */,
			);
		};
/* End PBXProject section */

/* Begin PBXResourcesBuildPhase section */
		5F4CF4AE1DFF901400B1EB35 /* Resources */ = {
			isa = PBXResourcesBuildPhase;
			buildActionMask = 2147483647;
			files = (
				5F4CF4EF1E00009D00B1EB35 /* 删除.png in Resources */,
				5F4CF4EE1E00009D00B1EB35 /* 边框.png in Resources */,
				5F4CF4C31DFF901700B1EB35 /* LaunchScreen.storyboard in Resources */,
				5F4CF4C01DFF901700B1EB35 /* Assets.xcassets in Resources */,
				5F4CF4BE1DFF901600B1EB35 /* Main.storyboard in Resources */,
			);
			runOnlyForDeploymentPostprocessing = 0;
		};
		5F4CF4C71DFF901800B1EB35 /* Resources */ = {
			isa = PBXResourcesBuildPhase;
			buildActionMask = 2147483647;
			files = (
			);
			runOnlyForDeploymentPostprocessing = 0;
		};
		5F4CF4D21DFF901800B1EB35 /* Resources */ = {
			isa = PBXResourcesBuildPhase;
			buildActionMask = 2147483647;
			files = (
			);
			runOnlyForDeploymentPostprocessing = 0;
		};
/* End PBXResourcesBuildPhase section */

/* Begin PBXSourcesBuildPhase section */
		5F4CF4AC1DFF901400B1EB35 /* Sources */ = {
			isa = PBXSourcesBuildPhase;
			buildActionMask = 2147483647;
			files = (
				5F4519851E00D4490032826E /* TestViewController.m in Sources */,
				5F4CF4BB1DFF901600B1EB35 /* ViewController.m in Sources */,
				5F45198B1E00E01E0032826E /* CCHContentViewController.m in Sources */,
				5F4CF4B81DFF901600B1EB35 /* AppDelegate.m in Sources */,
				5F4CF4B51DFF901600B1EB35 /* main.m in Sources */,
				5F45198C1E00E01E0032826E /* CCHSuspendWindow.m in Sources */,
			);
			runOnlyForDeploymentPostprocessing = 0;
		};
		5F4CF4C51DFF901800B1EB35 /* Sources */ = {
			isa = PBXSourcesBuildPhase;
			buildActionMask = 2147483647;
			files = (
				5F4CF4CE1DFF901800B1EB35 /* SuspendViewDemoTests.m in Sources */,
			);
			runOnlyForDeploymentPostprocessing = 0;
		};
		5F4CF4D01DFF901800B1EB35 /* Sources */ = {
			isa = PBXSourcesBuildPhase;
			buildActionMask = 2147483647;
			files = (
				5F4CF4D91DFF901800B1EB35 /* SuspendViewDemoUITests.m in Sources */,
			);
			runOnlyForDeploymentPostprocessing = 0;
		};
/* End PBXSourcesBuildPhase section */

/* Begin PBXTargetDependency section */
		5F4CF4CB1DFF901800B1EB35 /* PBXTargetDependency */ = {
			isa = PBXTargetDependency;
			target = 5F4CF4AF1DFF901400B1EB35 /* SuspendViewDemo */;
			targetProxy = 5F4CF4CA1DFF901800B1EB35 /* PBXContainerItemProxy */;
		};
		5F4CF4D61DFF901800B1EB35 /* PBXTargetDependency */ = {
			isa = PBXTargetDependency;
			target = 5F4CF4AF1DFF901400B1EB35 /* SuspendViewDemo */;
			targetProxy = 5F4CF4D51DFF901800B1EB35 /* PBXContainerItemProxy */;
		};
/* End PBXTargetDependency section */

/* Begin PBXVariantGroup section */
		5F4CF4BC1DFF901600B1EB35 /* Main.storyboard */ = {
			isa = PBXVariantGroup;
			children = (
				5F4CF4BD1DFF901600B1EB35 /* Base */,
			);
			name = Main.storyboard;
			sourceTree = "<group>";
		};
		5F4CF4C11DFF901700B1EB35 /* LaunchScreen.storyboard */ = {
			isa = PBXVariantGroup;
			children = (
				5F4CF4C21DFF901700B1EB35 /* Base */,
			);
			name = LaunchScreen.storyboard;
			sourceTree = "<group>";
		};
/* End PBXVariantGroup section */

/* Begin XCBuildConfiguration section */
		5F4CF4DB1DFF901800B1EB35 /* Debug */ = {
			isa = XCBuildConfiguration;
			buildSettings = {
				ALWAYS_SEARCH_USER_PATHS = NO;
				CLANG_ANALYZER_NONNULL = YES;
				CLANG_CXX_LANGUAGE_STANDARD = "gnu++0x";
				CLANG_CXX_LIBRARY = "libc++";
				CLANG_ENABLE_MODULES = YES;
				CLANG_ENABLE_OBJC_ARC = YES;
				CLANG_WARN_BOOL_CONVERSION = YES;
				CLANG_WARN_CONSTANT_CONVERSION = YES;
				CLANG_WARN_DIRECT_OBJC_ISA_USAGE = YES_ERROR;
				CLANG_WARN_DOCUMENTATION_COMMENTS = YES;
				CLANG_WARN_EMPTY_BODY = YES;
				CLANG_WARN_ENUM_CONVERSION = YES;
				CLANG_WARN_INFINITE_RECURSION = YES;
				CLANG_WARN_INT_CONVERSION = YES;
				CLANG_WARN_OBJC_ROOT_CLASS = YES_ERROR;
				CLANG_WARN_SUSPICIOUS_MOVES = YES;
				CLANG_WARN_UNREACHABLE_CODE = YES;
				CLANG_WARN__DUPLICATE_METHOD_MATCH = YES;
				"CODE_SIGN_IDENTITY[sdk=iphoneos*]" = "iPhone Developer";
				COPY_PHASE_STRIP = NO;
				DEBUG_INFORMATION_FORMAT = dwarf;
				ENABLE_STRICT_OBJC_MSGSEND = YES;
				ENABLE_TESTABILITY = YES;
				GCC_C_LANGUAGE_STANDARD = gnu99;
				GCC_DYNAMIC_NO_PIC = NO;
				GCC_NO_COMMON_BLOCKS = YES;
				GCC_OPTIMIZATION_LEVEL = 0;
				GCC_PREPROCESSOR_DEFINITIONS = (
					"DEBUG=1",
					"$(inherited)",
				);
				GCC_WARN_64_TO_32_BIT_CONVERSION = YES;
				GCC_WARN_ABOUT_RETURN_TYPE = YES_ERROR;
				GCC_WARN_UNDECLARED_SELECTOR = YES;
				GCC_WARN_UNINITIALIZED_AUTOS = YES_AGGRESSIVE;
				GCC_WARN_UNUSED_FUNCTION = YES;
				GCC_WARN_UNUSED_VARIABLE = YES;
				IPHONEOS_DEPLOYMENT_TARGET = 9.3;
				MTL_ENABLE_DEBUG_INFO = YES;
				ONLY_ACTIVE_ARCH = YES;
				SDKROOT = iphoneos;
				TARGETED_DEVICE_FAMILY = "1,2";
			};
			name = Debug;
		};
		5F4CF4DC1DFF901800B1EB35 /* Release */ = {
			isa = XCBuildConfiguration;
			buildSettings = {
				ALWAYS_SEARCH_USER_PATHS = NO;
				CLANG_ANALYZER_NONNULL = YES;
				CLANG_CXX_LANGUAGE_STANDARD = "gnu++0x";
				CLANG_CXX_LIBRARY = "libc++";
				CLANG_ENABLE_MODULES = YES;
				CLANG_ENABLE_OBJC_ARC = YES;
				CLANG_WARN_BOOL_CONVERSION = YES;
				CLANG_WARN_CONSTANT_CONVERSION = YES;
				CLANG_WARN_DIRECT_OBJC_ISA_USAGE = YES_ERROR;
				CLANG_WARN_DOCUMENTATION_COMMENTS = YES;
				CLANG_WARN_EMPTY_BODY = YES;
				CLANG_WARN_ENUM_CONVERSION = YES;
				CLANG_WARN_INFINITE_RECURSION = YES;
				CLANG_WARN_INT_CONVERSION = YES;
				CLANG_WARN_OBJC_ROOT_CLASS = YES_ERROR;
				CLANG_WARN_SUSPICIOUS_MOVES = YES;
				CLANG_WARN_UNREACHABLE_CODE = YES;
				CLANG_WARN__DUPLICATE_METHOD_MATCH = YES;
				"CODE_SIGN_IDENTITY[sdk=iphoneos*]" = "iPhone Developer";
				COPY_PHASE_STRIP = NO;
				DEBUG_INFORMATION_FORMAT = "dwarf-with-dsym";
				ENABLE_NS_ASSERTIONS = NO;
				ENABLE_STRICT_OBJC_MSGSEND = YES;
				GCC_C_LANGUAGE_STANDARD = gnu99;
				GCC_NO_COMMON_BLOCKS = YES;
				GCC_WARN_64_TO_32_BIT_CONVERSION = YES;
				GCC_WARN_ABOUT_RETURN_TYPE = YES_ERROR;
				GCC_WARN_UNDECLARED_SELECTOR = YES;
				GCC_WARN_UNINITIALIZED_AUTOS = YES_AGGRESSIVE;
				GCC_WARN_UNUSED_FUNCTION = YES;
				GCC_WARN_UNUSED_VARIABLE = YES;
				IPHONEOS_DEPLOYMENT_TARGET = 9.3;
				MTL_ENABLE_DEBUG_INFO = NO;
				SDKROOT = iphoneos;
				TARGETED_DEVICE_FAMILY = "1,2";
				VALIDATE_PRODUCT = YES;
			};
			name = Release;
		};
		5F4CF4DE1DFF901800B1EB35 /* Debug */ = {
			isa = XCBuildConfiguration;
			buildSettings = {
				ASSETCATALOG_COMPILER_APPICON_NAME = AppIcon;
				"CODE_SIGN_IDENTITY[sdk=iphoneos*]" = "iPhone Developer";
				DEVELOPMENT_TEAM = 4GH4W38WTY;
				INFOPLIST_FILE = SuspendViewDemo/Info.plist;
				IPHONEOS_DEPLOYMENT_TARGET = 9.0;
				LD_RUNPATH_SEARCH_PATHS = "$(inherited) @executable_path/Frameworks";
				PRODUCT_BUNDLE_IDENTIFIER = com.yy.SuspendViewDemo;
				PRODUCT_NAME = "$(TARGET_NAME)";
			};
			name = Debug;
		};
		5F4CF4DF1DFF901800B1EB35 /* Release */ = {
			isa = XCBuildConfiguration;
			buildSettings = {
				ASSETCATALOG_COMPILER_APPICON_NAME = AppIcon;
				"CODE_SIGN_IDENTITY[sdk=iphoneos*]" = "iPhone Developer";
				DEVELOPMENT_TEAM = 4GH4W38WTY;
				INFOPLIST_FILE = SuspendViewDemo/Info.plist;
				IPHONEOS_DEPLOYMENT_TARGET = 9.0;
				LD_RUNPATH_SEARCH_PATHS = "$(inherited) @executable_path/Frameworks";
				PRODUCT_BUNDLE_IDENTIFIER = com.yy.SuspendViewDemo;
				PRODUCT_NAME = "$(TARGET_NAME)";
			};
			name = Release;
		};
		5F4CF4E11DFF901800B1EB35 /* Debug */ = {
			isa = XCBuildConfiguration;
			buildSettings = {
				BUNDLE_LOADER = "$(TEST_HOST)";
				DEVELOPMENT_TEAM = "";
				INFOPLIST_FILE = SuspendViewDemoTests/Info.plist;
				LD_RUNPATH_SEARCH_PATHS = "$(inherited) @executable_path/Frameworks @loader_path/Frameworks";
				PRODUCT_BUNDLE_IDENTIFIER = com.yy.SuspendViewDemoTests;
				PRODUCT_NAME = "$(TARGET_NAME)";
				TEST_HOST = "$(BUILT_PRODUCTS_DIR)/SuspendViewDemo.app/SuspendViewDemo";
			};
			name = Debug;
		};
		5F4CF4E21DFF901800B1EB35 /* Release */ = {
			isa = XCBuildConfiguration;
			buildSettings = {
				BUNDLE_LOADER = "$(TEST_HOST)";
				DEVELOPMENT_TEAM = "";
				INFOPLIST_FILE = SuspendViewDemoTests/Info.plist;
				LD_RUNPATH_SEARCH_PATHS = "$(inherited) @executable_path/Frameworks @loader_path/Frameworks";
				PRODUCT_BUNDLE_IDENTIFIER = com.yy.SuspendViewDemoTests;
				PRODUCT_NAME = "$(TARGET_NAME)";
				TEST_HOST = "$(BUILT_PRODUCTS_DIR)/SuspendViewDemo.app/SuspendViewDemo";
			};
			name = Release;
		};
		5F4CF4E41DFF901800B1EB35 /* Debug */ = {
			isa = XCBuildConfiguration;
			buildSettings = {
				"CODE_SIGN_IDENTITY[sdk=iphoneos*]" = "iPhone Developer";
				DEVELOPMENT_TEAM = QG9BZ53JJ4;
				INFOPLIST_FILE = SuspendViewDemoUITests/Info.plist;
				LD_RUNPATH_SEARCH_PATHS = "$(inherited) @executable_path/Frameworks @loader_path/Frameworks";
				PRODUCT_BUNDLE_IDENTIFIER = com.yy.SuspendViewDemoUITests;
				PRODUCT_NAME = "$(TARGET_NAME)";
				TEST_TARGET_NAME = SuspendViewDemo;
			};
			name = Debug;
		};
		5F4CF4E51DFF901800B1EB35 /* Release */ = {
			isa = XCBuildConfiguration;
			buildSettings = {
				"CODE_SIGN_IDENTITY[sdk=iphoneos*]" = "iPhone Developer";
				DEVELOPMENT_TEAM = QG9BZ53JJ4;
				INFOPLIST_FILE = SuspendViewDemoUITests/Info.plist;
				LD_RUNPATH_SEARCH_PATHS = "$(inherited) @executable_path/Frameworks @loader_path/Frameworks";
				PRODUCT_BUNDLE_IDENTIFIER = com.yy.SuspendViewDemoUITests;
				PRODUCT_NAME = "$(TARGET_NAME)";
				TEST_TARGET_NAME = SuspendViewDemo;
			};
			name = Release;
		};
/* End XCBuildConfiguration section */

/* Begin XCConfigurationList section */
		5F4CF4AB1DFF901400B1EB35 /* Build configuration list for PBXProject "SuspendViewDemo" */ = {
			isa = XCConfigurationList;
			buildConfigurations = (
				5F4CF4DB1DFF901800B1EB35 /* Debug */,
				5F4CF4DC1DFF901800B1EB35 /* Release */,
			);
			defaultConfigurationIsVisible = 0;
			defaultConfigurationName = Release;
		};
		5F4CF4DD1DFF901800B1EB35 /* Build configuration list for PBXNativeTarget "SuspendViewDemo" */ = {
			isa = XCConfigurationList;
			buildConfigurations = (
				5F4CF4DE1DFF901800B1EB35 /* Debug */,
				5F4CF4DF1DFF901800B1EB35 /* Release */,
			);
			defaultConfigurationIsVisible = 0;
			defaultConfigurationName = Release;
		};
		5F4CF4E01DFF901800B1EB35 /* Build configuration list for PBXNativeTarget "SuspendViewDemoTests" */ = {
			isa = XCConfigurationList;
			buildConfigurations = (
				5F4CF4E11DFF901800B1EB35 /* Debug */,
				5F4CF4E21DFF901800B1EB35 /* Release */,
			);
			defaultConfigurationIsVisible = 0;
			defaultConfigurationName = Release;
		};
		5F4CF4E31DFF901800B1EB35 /* Build configuration list for PBXNativeTarget "SuspendViewDemoUITests" */ = {
			isa = XCConfigurationList;
			buildConfigurations = (
				5F4CF4E41DFF901800B1EB35 /* Debug */,
				5F4CF4E51DFF901800B1EB35 /* Release */,
			);
			defaultConfigurationIsVisible = 0;
			defaultConfigurationName = Release;
		};
/* End XCConfigurationList section */
	};
	rootObject = 5F4CF4A81DFF901300B1EB35 /* Project object */;
}
